
Microsoft Visual Studio Solution File, Format Version 12.00
# Visual Studio Version 16
VisualStudioVersion = 16.0.31702.278
MinimumVisualStudioVersion = 10.0.40219.1
Project("{FAE04EC0-301F-11D3-BF4B-00C04F79EFBC}") = "HealthCheck", "HealthCheck\HealthCheck.csproj", "{4330569A-07A2-4FAF-8FB6-228752CD22BE}"
EndProject
Global
	GlobalSection(SolutionConfigurationPlatforms) = preSolution
		Debug|Any CPU = Debug|Any CPU
		Release|Any CPU = Release|Any CPU
	EndGlobalSection
	GlobalSection(ProjectConfigurationPlatforms) = postSolution
		{4330569A-07A2-4FAF-8FB6-228752CD22BE}.Debug|Any CPU.ActiveCfg = Debug|Any CPU
		{4330569A-07A2-4FAF-8FB6-228752CD22BE}.Debug|Any CPU.Build.0 = Debug|Any CPU
		{4330569A-07A2-4FAF-8FB6-228752CD22BE}.Release|Any CPU.ActiveCfg = Release|Any CPU
		{4330569A-07A2-4FAF-8FB6-228752CD22BE}.Release|Any CPU.Build.0 = Release|Any CPU
	EndGlobalSection
	GlobalSection(SolutionProperties) = preSolution
		HideSolutionNode = FALSE
	EndGlobalSection
	GlobalSection(ExtensibilityGlobals) = postSolution
		SolutionGuid = {C6C6AE17-2AD6-44C3-86A9-57396CEED298}
	EndGlobalSection
EndGlobal
